
Microsoft Visual Studio Solution File, Format Version 12.00
# Visual Studio 15
VisualStudioVersion = 15.0.26430.14
MinimumVisualStudioVersion = 10.0.40219.1
Project("{FAE04EC0-301F-11D3-BF4B-00C04F79EFBC}") = "01.Person", "01.Person\01.Person.csproj", "{4F033248-FA83-4CEB-A14A-D94805C5F2EC}"
EndProject
Project("{FAE04EC0-301F-11D3-BF4B-00C04F79EFBC}") = "02.BookShop", "02.BookShop\02.BookShop.csproj", "{91201A6E-4875-4AC8-BD6A-ED8944EB5793}"
EndProject
Project("{FAE04EC0-301F-11D3-BF4B-00C04F79EFBC}") = "03.Mankind", "03.Mankind\03.Mankind.csproj", "{FC2E0814-3099-4040-A56F-D39B5881AF62}"
EndProject
Global
	GlobalSection(SolutionConfigurationPlatforms) = preSolution
		Debug|Any CPU = Debug|Any CPU
		Release|Any CPU = Release|Any CPU
	EndGlobalSection
	GlobalSection(ProjectConfigurationPlatforms) = postSolution
		{4F033248-FA83-4CEB-A14A-D94805C5F2EC}.Debug|Any CPU.ActiveCfg = Debug|Any CPU
		{4F033248-FA83-4CEB-A14A-D94805C5F2EC}.Debug|Any CPU.Build.0 = Debug|Any CPU
		{4F033248-FA83-4CEB-A14A-D94805C5F2EC}.Release|Any CPU.ActiveCfg = Release|Any CPU
		{4F033248-FA83-4CEB-A14A-D94805C5F2EC}.Release|Any CPU.Build.0 = Release|Any CPU
		{91201A6E-4875-4AC8-BD6A-ED8944EB5793}.Debug|Any CPU.ActiveCfg = Debug|Any CPU
		{91201A6E-4875-4AC8-BD6A-ED8944EB5793}.Debug|Any CPU.Build.0 = Debug|Any CPU
		{91201A6E-4875-4AC8-BD6A-ED8944EB5793}.Release|Any CPU.ActiveCfg = Release|Any CPU
		{91201A6E-4875-4AC8-BD6A-ED8944EB5793}.Release|Any CPU.Build.0 = Release|Any CPU
		{FC2E0814-3099-4040-A56F-D39B5881AF62}.Debug|Any CPU.ActiveCfg = Debug|Any CPU
		{FC2E0814-3099-4040-A56F-D39B5881AF62}.Debug|Any CPU.Build.0 = Debug|Any CPU
		{FC2E0814-3099-4040-A56F-D39B5881AF62}.Release|Any CPU.ActiveCfg = Release|Any CPU
		{FC2E0814-3099-4040-A56F-D39B5881AF62}.Release|Any CPU.Build.0 = Release|Any CPU
	EndGlobalSection
	GlobalSection(SolutionProperties) = preSolution
		HideSolutionNode = FALSE
	EndGlobalSection
EndGlobal
